
Microsoft Visual Studio Solution File, Format Version 12.00
# Visual Studio 15
VisualStudioVersion = 15.0.26430.4
MinimumVisualStudioVersion = 10.0.40219.1
Project("{9A19103F-16F7-4668-BE54-9A1E7A4F7556}") = "AspNetCoreWebApiContribProtobufSample", "AspNetCoreWebApiContribProtobufSample\AspNetCoreWebApiContribProtobufSample.csproj", "{78F0F805-F992-4207-8925-4FC75A66C2DB}"
EndProject
Project("{FAE04EC0-301F-11D3-BF4B-00C04F79EFBC}") = "Model", "Model\Model.csproj", "{53E9854A-5859-4CC1-AD09-00D7099662AE}"
EndProject
Project("{FAE04EC0-301F-11D3-BF4B-00C04F79EFBC}") = "ProtobufHttpClient", "ProtobufHttpClient\ProtobufHttpClient.csproj", "{A3B582DD-CB46-4F7D-A71D-2E92473AA6CE}"
EndProject
Global
	GlobalSection(SolutionConfigurationPlatforms) = preSolution
		Debug|Any CPU = Debug|Any CPU
		Release|Any CPU = Release|Any CPU
	EndGlobalSection
	GlobalSection(ProjectConfigurationPlatforms) = postSolution
		{78F0F805-F992-4207-8925-4FC75A66C2DB}.Debug|Any CPU.ActiveCfg = Debug|Any CPU
		{78F0F805-F992-4207-8925-4FC75A66C2DB}.Debug|Any CPU.Build.0 = Debug|Any CPU
		{78F0F805-F992-4207-8925-4FC75A66C2DB}.Release|Any CPU.ActiveCfg = Release|Any CPU
		{78F0F805-F992-4207-8925-4FC75A66C2DB}.Release|Any CPU.Build.0 = Release|Any CPU
		{53E9854A-5859-4CC1-AD09-00D7099662AE}.Debug|Any CPU.ActiveCfg = Debug|Any CPU
		{53E9854A-5859-4CC1-AD09-00D7099662AE}.Debug|Any CPU.Build.0 = Debug|Any CPU
		{53E9854A-5859-4CC1-AD09-00D7099662AE}.Release|Any CPU.ActiveCfg = Release|Any CPU
		{53E9854A-5859-4CC1-AD09-00D7099662AE}.Release|Any CPU.Build.0 = Release|Any CPU
		{A3B582DD-CB46-4F7D-A71D-2E92473AA6CE}.Debug|Any CPU.ActiveCfg = Debug|Any CPU
		{A3B582DD-CB46-4F7D-A71D-2E92473AA6CE}.Debug|Any CPU.Build.0 = Debug|Any CPU
		{A3B582DD-CB46-4F7D-A71D-2E92473AA6CE}.Release|Any CPU.ActiveCfg = Release|Any CPU
		{A3B582DD-CB46-4F7D-A71D-2E92473AA6CE}.Release|Any CPU.Build.0 = Release|Any CPU
	EndGlobalSection
	GlobalSection(SolutionProperties) = preSolution
		HideSolutionNode = FALSE
	EndGlobalSection
EndGlobal
